
Microsoft Visual Studio Solution File, Format Version 12.00
# Visual Studio 15
VisualStudioVersion = 15.0.28307.271
MinimumVisualStudioVersion = 10.0.40219.1
Project("{9A19103F-16F7-4668-BE54-9A1E7A4F7556}") = "Patterns.Builder", "Patterns.Builder\Patterns.Builder.csproj", "{F8E53B4F-F057-475E-B50B-F4A1045BF4B8}"
EndProject
Project("{9A19103F-16F7-4668-BE54-9A1E7A4F7556}") = "Patterns.ChainOfResponsability", "Patterns.ChainOfResponsability\Patterns.ChainOfResponsability.csproj", "{3B937BDD-71E4-47C7-845F-49526F7E9C65}"
EndProject
Project("{9A19103F-16F7-4668-BE54-9A1E7A4F7556}") = "Patterns.Decorator", "Patterns.Decorator\Patterns.Decorator.csproj", "{A5A62695-470D-45B5-8061-EDE133A9C63F}"
EndProject
Project("{9A19103F-16F7-4668-BE54-9A1E7A4F7556}") = "Patterns.Observer", "Patterns.Observer\Patterns.Observer.csproj", "{42EA2472-EE36-4AE5-A49F-9FC4D6F7A108}"
EndProject
Project("{9A19103F-16F7-4668-BE54-9A1E7A4F7556}") = "Patterns.State", "Patterns.State\Patterns.State.csproj", "{FA1427BD-C009-4073-985E-DF623253C2B4}"
EndProject
Project("{9A19103F-16F7-4668-BE54-9A1E7A4F7556}") = "Patterns.Strategy", "Patterns.Strategy\Patterns.Strategy.csproj", "{B94F70C3-D265-48F1-BE91-C60004793179}"
EndProject
Project("{9A19103F-16F7-4668-BE54-9A1E7A4F7556}") = "Patterns.TemplateMethod", "Patterns.TemplateMethod\Patterns.TemplateMethod.csproj", "{01CFD2CC-5FE2-494E-AE41-BCBA54372F77}"
EndProject
Global
	GlobalSection(SolutionConfigurationPlatforms) = preSolution
		Debug|Any CPU = Debug|Any CPU
		Release|Any CPU = Release|Any CPU
	EndGlobalSection
	GlobalSection(ProjectConfigurationPlatforms) = postSolution
		{F8E53B4F-F057-475E-B50B-F4A1045BF4B8}.Debug|Any CPU.ActiveCfg = Debug|Any CPU
		{F8E53B4F-F057-475E-B50B-F4A1045BF4B8}.Debug|Any CPU.Build.0 = Debug|Any CPU
		{F8E53B4F-F057-475E-B50B-F4A1045BF4B8}.Release|Any CPU.ActiveCfg = Release|Any CPU
		{F8E53B4F-F057-475E-B50B-F4A1045BF4B8}.Release|Any CPU.Build.0 = Release|Any CPU
		{3B937BDD-71E4-47C7-845F-49526F7E9C65}.Debug|Any CPU.ActiveCfg = Debug|Any CPU
		{3B937BDD-71E4-47C7-845F-49526F7E9C65}.Debug|Any CPU.Build.0 = Debug|Any CPU
		{3B937BDD-71E4-47C7-845F-49526F7E9C65}.Release|Any CPU.ActiveCfg = Release|Any CPU
		{3B937BDD-71E4-47C7-845F-49526F7E9C65}.Release|Any CPU.Build.0 = Release|Any CPU
		{A5A62695-470D-45B5-8061-EDE133A9C63F}.Debug|Any CPU.ActiveCfg = Debug|Any CPU
		{A5A62695-470D-45B5-8061-EDE133A9C63F}.Debug|Any CPU.Build.0 = Debug|Any CPU
		{A5A62695-470D-45B5-8061-EDE133A9C63F}.Release|Any CPU.ActiveCfg = Release|Any CPU
		{A5A62695-470D-45B5-8061-EDE133A9C63F}.Release|Any CPU.Build.0 = Release|Any CPU
		{42EA2472-EE36-4AE5-A49F-9FC4D6F7A108}.Debug|Any CPU.ActiveCfg = Debug|Any CPU
		{42EA2472-EE36-4AE5-A49F-9FC4D6F7A108}.Debug|Any CPU.Build.0 = Debug|Any CPU
		{42EA2472-EE36-4AE5-A49F-9FC4D6F7A108}.Release|Any CPU.ActiveCfg = Release|Any CPU
		{42EA2472-EE36-4AE5-A49F-9FC4D6F7A108}.Release|Any CPU.Build.0 = Release|Any CPU
		{FA1427BD-C009-4073-985E-DF623253C2B4}.Debug|Any CPU.ActiveCfg = Debug|Any CPU
		{FA1427BD-C009-4073-985E-DF623253C2B4}.Debug|Any CPU.Build.0 = Debug|Any CPU
		{FA1427BD-C009-4073-985E-DF623253C2B4}.Release|Any CPU.ActiveCfg = Release|Any CPU
		{FA1427BD-C009-4073-985E-DF623253C2B4}.Release|Any CPU.Build.0 = Release|Any CPU
		{B94F70C3-D265-48F1-BE91-C60004793179}.Debug|Any CPU.ActiveCfg = Debug|Any CPU
		{B94F70C3-D265-48F1-BE91-C60004793179}.Debug|Any CPU.Build.0 = Debug|Any CPU
		{B94F70C3-D265-48F1-BE91-C60004793179}.Release|Any CPU.ActiveCfg = Release|Any CPU
		{B94F70C3-D265-48F1-BE91-C60004793179}.Release|Any CPU.Build.0 = Release|Any CPU
		{01CFD2CC-5FE2-494E-AE41-BCBA54372F77}.Debug|Any CPU.ActiveCfg = Debug|Any CPU
		{01CFD2CC-5FE2-494E-AE41-BCBA54372F77}.Debug|Any CPU.Build.0 = Debug|Any CPU
		{01CFD2CC-5FE2-494E-AE41-BCBA54372F77}.Release|Any CPU.ActiveCfg = Release|Any CPU
		{01CFD2CC-5FE2-494E-AE41-BCBA54372F77}.Release|Any CPU.Build.0 = Release|Any CPU
	EndGlobalSection
	GlobalSection(SolutionProperties) = preSolution
		HideSolutionNode = FALSE
	EndGlobalSection
	GlobalSection(ExtensibilityGlobals) = postSolution
		SolutionGuid = {1A66A996-B6B3-464F-B0CF-96A91F8A0E7C}
	EndGlobalSection
EndGlobal
